
Microsoft Visual Studio Solution File, Format Version 12.00
# Visual Studio Version 17
VisualStudioVersion = 17.1.32328.378
MinimumVisualStudioVersion = 10.0.40219.1
Project("{9A19103F-16F7-4668-BE54-9A1E7A4F7556}") = "NServiceBus.Transport.RabbitMQ.TransportTests", "NServiceBus.Transport.RabbitMQ.TransportTests\NServiceBus.Transport.RabbitMQ.TransportTests.csproj", "{9D218CB8-1A64-4209-8156-81F44BB17986}"
EndProject
Project("{9A19103F-16F7-4668-BE54-9A1E7A4F7556}") = "NServiceBus.Transport.RabbitMQ.Tests", "NServiceBus.Transport.RabbitMQ.Tests\NServiceBus.Transport.RabbitMQ.Tests.csproj", "{6B8E21A6-9C69-418B-88B0-2802380F4074}"
EndProject
Project("{9A19103F-16F7-4668-BE54-9A1E7A4F7556}") = "NServiceBus.Transport.RabbitMQ.AcceptanceTests", "NServiceBus.Transport.RabbitMQ.AcceptanceTests\NServiceBus.Transport.RabbitMQ.AcceptanceTests.csproj", "{F9CEE33E-C664-4D8E-926D-747544B47FE1}"
EndProject
Project("{9A19103F-16F7-4668-BE54-9A1E7A4F7556}") = "NServiceBus.Transport.RabbitMQ", "NServiceBus.Transport.RabbitMQ\NServiceBus.Transport.RabbitMQ.csproj", "{E48E7FEE-B8C1-43C2-A9CC-98934BB16D05}"
EndProject
Project("{2150E333-8FDC-42A3-9474-1A3956D46DE8}") = "Solution Items", "Solution Items", "{CAE42966-8BAA-4BFB-849E-8EE715646607}"
	ProjectSection(SolutionItems) = preProject
		Custom.Build.props = Custom.Build.props
	EndProjectSection
EndProject
Project("{9A19103F-16F7-4668-BE54-9A1E7A4F7556}") = "Targets", "targets\Targets.csproj", "{F164238E-085A-451A-A852-B06496AE98EB}"
EndProject
Project("{9A19103F-16F7-4668-BE54-9A1E7A4F7556}") = "NServiceBus.Transport.RabbitMQ.CommandLine.Tests", "NServiceBus.Transport.RabbitMQ.CommandLine.Tests\NServiceBus.Transport.RabbitMQ.CommandLine.Tests.csproj", "{8C2C0317-C4AC-4B84-8DAD-069394A2F5F6}"
EndProject
Project("{9A19103F-16F7-4668-BE54-9A1E7A4F7556}") = "NServiceBus.Transport.RabbitMQ.CommandLine", "NServiceBus.Transport.RabbitMQ.CommandLine\NServiceBus.Transport.RabbitMQ.CommandLine.csproj", "{A7358B75-D6EB-4C40-818D-5D47FE8C2884}"
EndProject
Global
	GlobalSection(SolutionConfigurationPlatforms) = preSolution
		Debug|Any CPU = Debug|Any CPU
		Release|Any CPU = Release|Any CPU
	EndGlobalSection
	GlobalSection(ProjectConfigurationPlatforms) = postSolution
		{9D218CB8-1A64-4209-8156-81F44BB17986}.Debug|Any CPU.ActiveCfg = Debug|Any CPU
		{9D218CB8-1A64-4209-8156-81F44BB17986}.Debug|Any CPU.Build.0 = Debug|Any CPU
		{9D218CB8-1A64-4209-8156-81F44BB17986}.Release|Any CPU.ActiveCfg = Release|Any CPU
		{9D218CB8-1A64-4209-8156-81F44BB17986}.Release|Any CPU.Build.0 = Release|Any CPU
		{6B8E21A6-9C69-418B-88B0-2802380F4074}.Debug|Any CPU.ActiveCfg = Debug|Any CPU
		{6B8E21A6-9C69-418B-88B0-2802380F4074}.Debug|Any CPU.Build.0 = Debug|Any CPU
		{6B8E21A6-9C69-418B-88B0-2802380F4074}.Release|Any CPU.ActiveCfg = Release|Any CPU
		{6B8E21A6-9C69-418B-88B0-2802380F4074}.Release|Any CPU.Build.0 = Release|Any CPU
		{F9CEE33E-C664-4D8E-926D-747544B47FE1}.Debug|Any CPU.ActiveCfg = Debug|Any CPU
		{F9CEE33E-C664-4D8E-926D-747544B47FE1}.Debug|Any CPU.Build.0 = Debug|Any CPU
		{F9CEE33E-C664-4D8E-926D-747544B47FE1}.Release|Any CPU.ActiveCfg = Release|Any CPU
		{F9CEE33E-C664-4D8E-926D-747544B47FE1}.Release|Any CPU.Build.0 = Release|Any CPU
		{E48E7FEE-B8C1-43C2-A9CC-98934BB16D05}.Debug|Any CPU.ActiveCfg = Debug|Any CPU
		{E48E7FEE-B8C1-43C2-A9CC-98934BB16D05}.Debug|Any CPU.Build.0 = Debug|Any CPU
		{E48E7FEE-B8C1-43C2-A9CC-98934BB16D05}.Release|Any CPU.ActiveCfg = Release|Any CPU
		{E48E7FEE-B8C1-43C2-A9CC-98934BB16D05}.Release|Any CPU.Build.0 = Release|Any CPU
		{F164238E-085A-451A-A852-B06496AE98EB}.Debug|Any CPU.ActiveCfg = Debug|Any CPU
		{F164238E-085A-451A-A852-B06496AE98EB}.Debug|Any CPU.Build.0 = Debug|Any CPU
		{F164238E-085A-451A-A852-B06496AE98EB}.Release|Any CPU.ActiveCfg = Release|Any CPU
		{F164238E-085A-451A-A852-B06496AE98EB}.Release|Any CPU.Build.0 = Release|Any CPU
		{8C2C0317-C4AC-4B84-8DAD-069394A2F5F6}.Debug|Any CPU.ActiveCfg = Debug|Any CPU
		{8C2C0317-C4AC-4B84-8DAD-069394A2F5F6}.Debug|Any CPU.Build.0 = Debug|Any CPU
		{8C2C0317-C4AC-4B84-8DAD-069394A2F5F6}.Release|Any CPU.ActiveCfg = Release|Any CPU
		{8C2C0317-C4AC-4B84-8DAD-069394A2F5F6}.Release|Any CPU.Build.0 = Release|Any CPU
		{A7358B75-D6EB-4C40-818D-5D47FE8C2884}.Debug|Any CPU.ActiveCfg = Debug|Any CPU
		{A7358B75-D6EB-4C40-818D-5D47FE8C2884}.Debug|Any CPU.Build.0 = Debug|Any CPU
		{A7358B75-D6EB-4C40-818D-5D47FE8C2884}.Release|Any CPU.ActiveCfg = Release|Any CPU
		{A7358B75-D6EB-4C40-818D-5D47FE8C2884}.Release|Any CPU.Build.0 = Release|Any CPU
	EndGlobalSection
	GlobalSection(SolutionProperties) = preSolution
		HideSolutionNode = FALSE
	EndGlobalSection
	GlobalSection(ExtensibilityGlobals) = postSolution
		SolutionGuid = {0AA8D0E5-66A3-4FEA-BC1F-013150CFA8F8}
	EndGlobalSection
EndGlobal
