
Microsoft Visual Studio Solution File, Format Version 12.00
# Visual Studio 14
VisualStudioVersion = 14.0.25420.1
MinimumVisualStudioVersion = 10.0.40219.1
Project("{FAE04EC0-301F-11D3-BF4B-00C04F79EFBC}") = "NServiceBus.RabbitMQ", "NServiceBus.RabbitMQ\NServiceBus.RabbitMQ.csproj", "{BA731749-22C7-4025-8A4D-465AE8E02E61}"
EndProject
Project("{FAE04EC0-301F-11D3-BF4B-00C04F79EFBC}") = "NServiceBus.RabbitMQ.AcceptanceTests", "NServiceBus.RabbitMQ.AcceptanceTests\NServiceBus.RabbitMQ.AcceptanceTests.csproj", "{485F7A18-430D-4FF4-8FB4-41757951B871}"
EndProject
Project("{2150E333-8FDC-42A3-9474-1A3956D46DE8}") = ".nuget", ".nuget", "{FF6C084B-B60E-4B4F-908A-1A1FB99956C2}"
	ProjectSection(SolutionItems) = preProject
		.nuget\packages.config = .nuget\packages.config
	EndProjectSection
EndProject
Project("{2150E333-8FDC-42A3-9474-1A3956D46DE8}") = "Solution Items", "Solution Items", "{87D8530F-671C-4E77-8B93-BCE848FCF2F4}"
	ProjectSection(SolutionItems) = preProject
		..\packaging\nuget\NServiceBus.RabbitMQ.nuspec = ..\packaging\nuget\NServiceBus.RabbitMQ.nuspec
	EndProjectSection
EndProject
Project("{FAE04EC0-301F-11D3-BF4B-00C04F79EFBC}") = "NServiceBus.RabbitMQ.Tests", "NServiceBus.RabbitMQ.Tests\NServiceBus.RabbitMQ.Tests.csproj", "{8B773CFD-E0F8-402F-AABC-04580289C76A}"
EndProject
Global
	GlobalSection(SolutionConfigurationPlatforms) = preSolution
		Debug|Any CPU = Debug|Any CPU
		Release|Any CPU = Release|Any CPU
	EndGlobalSection
	GlobalSection(ProjectConfigurationPlatforms) = postSolution
		{BA731749-22C7-4025-8A4D-465AE8E02E61}.Debug|Any CPU.ActiveCfg = Debug|Any CPU
		{BA731749-22C7-4025-8A4D-465AE8E02E61}.Debug|Any CPU.Build.0 = Debug|Any CPU
		{BA731749-22C7-4025-8A4D-465AE8E02E61}.Release|Any CPU.ActiveCfg = Release|Any CPU
		{BA731749-22C7-4025-8A4D-465AE8E02E61}.Release|Any CPU.Build.0 = Release|Any CPU
		{485F7A18-430D-4FF4-8FB4-41757951B871}.Debug|Any CPU.ActiveCfg = Debug|Any CPU
		{485F7A18-430D-4FF4-8FB4-41757951B871}.Debug|Any CPU.Build.0 = Debug|Any CPU
		{485F7A18-430D-4FF4-8FB4-41757951B871}.Release|Any CPU.ActiveCfg = Release|Any CPU
		{485F7A18-430D-4FF4-8FB4-41757951B871}.Release|Any CPU.Build.0 = Release|Any CPU
		{8B773CFD-E0F8-402F-AABC-04580289C76A}.Debug|Any CPU.ActiveCfg = Debug|Any CPU
		{8B773CFD-E0F8-402F-AABC-04580289C76A}.Debug|Any CPU.Build.0 = Debug|Any CPU
		{8B773CFD-E0F8-402F-AABC-04580289C76A}.Release|Any CPU.ActiveCfg = Release|Any CPU
		{8B773CFD-E0F8-402F-AABC-04580289C76A}.Release|Any CPU.Build.0 = Release|Any CPU
	EndGlobalSection
	GlobalSection(SolutionProperties) = preSolution
		HideSolutionNode = FALSE
	EndGlobalSection
EndGlobal
