
Microsoft Visual Studio Solution File, Format Version 12.00
# Visual Studio 2012
Project("{FAE04EC0-301F-11D3-BF4B-00C04F79EFBC}") = "NServiceBus.Transports.RabbitMQ", "NServiceBus.RabbitMQ\NServiceBus.Transports.RabbitMQ.csproj", "{BA731749-22C7-4025-8A4D-465AE8E02E61}"
EndProject
Project("{FAE04EC0-301F-11D3-BF4B-00C04F79EFBC}") = "NServiceBus.Transports.RabbitMQ.Tests", "NServiceBus.RabbitMQ.Tests\NServiceBus.Transports.RabbitMQ.Tests.csproj", "{8B773CFD-E0F8-402F-AABC-04580289C76A}"
	ProjectSection(ProjectDependencies) = postProject
		{BA731749-22C7-4025-8A4D-465AE8E02E61} = {BA731749-22C7-4025-8A4D-465AE8E02E61}
	EndProjectSection
EndProject
Global
	GlobalSection(SolutionConfigurationPlatforms) = preSolution
		Debug|Any CPU = Debug|Any CPU
		Release|Any CPU = Release|Any CPU
	EndGlobalSection
	GlobalSection(ProjectConfigurationPlatforms) = postSolution
		{BA731749-22C7-4025-8A4D-465AE8E02E61}.Debug|Any CPU.ActiveCfg = Debug|Any CPU
		{BA731749-22C7-4025-8A4D-465AE8E02E61}.Debug|Any CPU.Build.0 = Debug|Any CPU
		{BA731749-22C7-4025-8A4D-465AE8E02E61}.Release|Any CPU.ActiveCfg = Release|Any CPU
		{BA731749-22C7-4025-8A4D-465AE8E02E61}.Release|Any CPU.Build.0 = Release|Any CPU
		{8B773CFD-E0F8-402F-AABC-04580289C76A}.Debug|Any CPU.ActiveCfg = Debug|Any CPU
		{8B773CFD-E0F8-402F-AABC-04580289C76A}.Debug|Any CPU.Build.0 = Debug|Any CPU
		{8B773CFD-E0F8-402F-AABC-04580289C76A}.Release|Any CPU.ActiveCfg = Release|Any CPU
		{8B773CFD-E0F8-402F-AABC-04580289C76A}.Release|Any CPU.Build.0 = Release|Any CPU
	EndGlobalSection
	GlobalSection(SolutionProperties) = preSolution
		HideSolutionNode = FALSE
	EndGlobalSection
EndGlobal
