
Microsoft Visual Studio Solution File, Format Version 12.00
# Visual Studio 15
VisualStudioVersion = 15.0.26730.0
MinimumVisualStudioVersion = 10.0.40219.1
Project("{9A19103F-16F7-4668-BE54-9A1E7A4F7556}") = "NServiceBus.Transport.RabbitMQ.TransportTests", "NServiceBus.Transport.RabbitMQ.TransportTests\NServiceBus.Transport.RabbitMQ.TransportTests.csproj", "{9D218CB8-1A64-4209-8156-81F44BB17986}"
EndProject
Project("{9A19103F-16F7-4668-BE54-9A1E7A4F7556}") = "NServiceBus.Transport.RabbitMQ.Tests", "NServiceBus.Transport.RabbitMQ.Tests\NServiceBus.Transport.RabbitMQ.Tests.csproj", "{6B8E21A6-9C69-418B-88B0-2802380F4074}"
EndProject
Project("{9A19103F-16F7-4668-BE54-9A1E7A4F7556}") = "NServiceBus.Transport.RabbitMQ.AcceptanceTests", "NServiceBus.Transport.RabbitMQ.AcceptanceTests\NServiceBus.Transport.RabbitMQ.AcceptanceTests.csproj", "{F9CEE33E-C664-4D8E-926D-747544B47FE1}"
EndProject
Project("{9A19103F-16F7-4668-BE54-9A1E7A4F7556}") = "NServiceBus.Transport.RabbitMQ", "NServiceBus.Transport.RabbitMQ\NServiceBus.Transport.RabbitMQ.csproj", "{E48E7FEE-B8C1-43C2-A9CC-98934BB16D05}"
EndProject
Global
	GlobalSection(SolutionConfigurationPlatforms) = preSolution
		Debug|Any CPU = Debug|Any CPU
		Release|Any CPU = Release|Any CPU
	EndGlobalSection
	GlobalSection(ProjectConfigurationPlatforms) = postSolution
		{9D218CB8-1A64-4209-8156-81F44BB17986}.Debug|Any CPU.ActiveCfg = Debug|Any CPU
		{9D218CB8-1A64-4209-8156-81F44BB17986}.Debug|Any CPU.Build.0 = Debug|Any CPU
		{9D218CB8-1A64-4209-8156-81F44BB17986}.Release|Any CPU.ActiveCfg = Release|Any CPU
		{9D218CB8-1A64-4209-8156-81F44BB17986}.Release|Any CPU.Build.0 = Release|Any CPU
		{6B8E21A6-9C69-418B-88B0-2802380F4074}.Debug|Any CPU.ActiveCfg = Debug|Any CPU
		{6B8E21A6-9C69-418B-88B0-2802380F4074}.Debug|Any CPU.Build.0 = Debug|Any CPU
		{6B8E21A6-9C69-418B-88B0-2802380F4074}.Release|Any CPU.ActiveCfg = Release|Any CPU
		{6B8E21A6-9C69-418B-88B0-2802380F4074}.Release|Any CPU.Build.0 = Release|Any CPU
		{F9CEE33E-C664-4D8E-926D-747544B47FE1}.Debug|Any CPU.ActiveCfg = Debug|Any CPU
		{F9CEE33E-C664-4D8E-926D-747544B47FE1}.Debug|Any CPU.Build.0 = Debug|Any CPU
		{F9CEE33E-C664-4D8E-926D-747544B47FE1}.Release|Any CPU.ActiveCfg = Release|Any CPU
		{F9CEE33E-C664-4D8E-926D-747544B47FE1}.Release|Any CPU.Build.0 = Release|Any CPU
		{E48E7FEE-B8C1-43C2-A9CC-98934BB16D05}.Debug|Any CPU.ActiveCfg = Debug|Any CPU
		{E48E7FEE-B8C1-43C2-A9CC-98934BB16D05}.Debug|Any CPU.Build.0 = Debug|Any CPU
		{E48E7FEE-B8C1-43C2-A9CC-98934BB16D05}.Release|Any CPU.ActiveCfg = Release|Any CPU
		{E48E7FEE-B8C1-43C2-A9CC-98934BB16D05}.Release|Any CPU.Build.0 = Release|Any CPU
	EndGlobalSection
	GlobalSection(SolutionProperties) = preSolution
		HideSolutionNode = FALSE
	EndGlobalSection
	GlobalSection(ExtensibilityGlobals) = postSolution
		SolutionGuid = {0AA8D0E5-66A3-4FEA-BC1F-013150CFA8F8}
	EndGlobalSection
EndGlobal
